// !$*UTF8*$!
{
	archiveVersion = 1;
	classes = {
	};
	objectVersion = 46;
	objects = {

/* Begin PBXBuildFile section */
		D1D49DA51B136A5C008A3A3C /* AppDelegate.swift in Sources */ = {isa = PBXBuildFile; fileRef = D1D49DA41B136A5C008A3A3C /* AppDelegate.swift */; };
		D1D49DA71B136A5C008A3A3C /* ViewController.swift in Sources */ = {isa = PBXBuildFile; fileRef = D1D49DA61B136A5C008A3A3C /* ViewController.swift */; };
		D1D49DAA1B136A5C008A3A3C /* Main.storyboard in Resources */ = {isa = PBXBuildFile; fileRef = D1D49DA81B136A5C008A3A3C /* Main.storyboard */; };
		D1D49DAC1B136A5C008A3A3C /* Images.xcassets in Resources */ = {isa = PBXBuildFile; fileRef = D1D49DAB1B136A5C008A3A3C /* Images.xcassets */; };
		D1D49DAF1B136A5C008A3A3C /* LaunchScreen.xib in Resources */ = {isa = PBXBuildFile; fileRef = D1D49DAD1B136A5C008A3A3C /* LaunchScreen.xib */; };
		D1D49DBB1B136A5C008A3A3C /* TinderTests.swift in Sources */ = {isa = PBXBuildFile; fileRef = D1D49DBA1B136A5C008A3A3C /* TinderTests.swift */; };
/* End PBXBuildFile section */

/* Begin PBXContainerItemProxy section */
		D1D49DB51B136A5C008A3A3C /* PBXContainerItemProxy */ = {
			isa = PBXContainerItemProxy;
			containerPortal = D1D49D971B136A5C008A3A3C /* Project object */;
			proxyType = 1;
			remoteGlobalIDString = D1D49D9E1B136A5C008A3A3C;
			remoteInfo = Tinder;
		};
/* End PBXContainerItemProxy section */

/* Begin PBXFileReference section */
		D1D49D9F1B136A5C008A3A3C /* Tinder.app */ = {isa = PBXFileReference; explicitFileType = wrapper.application; includeInIndex = 0; path = Tinder.app; sourceTree = BUILT_PRODUCTS_DIR; };
		D1D49DA31B136A5C008A3A3C /* Info.plist */ = {isa = PBXFileReference; lastKnownFileType = text.plist.xml; path = Info.plist; sourceTree = "<group>"; };
		D1D49DA41B136A5C008A3A3C /* AppDelegate.swift */ = {isa = PBXFileReference; lastKnownFileType = sourcecode.swift; path = AppDelegate.swift; sourceTree = "<group>"; };
		D1D49DA61B136A5C008A3A3C /* ViewController.swift */ = {isa = PBXFileReference; lastKnownFileType = sourcecode.swift; path = ViewController.swift; sourceTree = "<group>"; };
		D1D49DA91B136A5C008A3A3C /* Base */ = {isa = PBXFileReference; lastKnownFileType = file.storyboard; name = Base; path = Base.lproj/Main.storyboard; sourceTree = "<group>"; };
		D1D49DAB1B136A5C008A3A3C /* Images.xcassets */ = {isa = PBXFileReference; lastKnownFileType = folder.assetcatalog; path = Images.xcassets; sourceTree = "<group>"; };
		D1D49DAE1B136A5C008A3A3C /* Base */ = {isa = PBXFileReference; lastKnownFileType = file.xib; name = Base; path = Base.lproj/LaunchScreen.xib; sourceTree = "<group>"; };
		D1D49DB41B136A5C008A3A3C /* TinderTests.xctest */ = {isa = PBXFileReference; explicitFileType = wrapper.cfbundle; includeInIndex = 0; path = TinderTests.xctest; sourceTree = BUILT_PRODUCTS_DIR; };
		D1D49DB91B136A5C008A3A3C /* Info.plist */ = {isa = PBXFileReference; lastKnownFileType = text.plist.xml; path = Info.plist; sourceTree = "<group>"; };
		D1D49DBA1B136A5C008A3A3C /* TinderTests.swift */ = {isa = PBXFileReference; lastKnownFileType = sourcecode.swift; path = TinderTests.swift; sourceTree = "<group>"; };
/* End PBXFileReference section */

/* Begin PBXFrameworksBuildPhase section */
		D1D49D9C1B136A5C008A3A3C /* Frameworks */ = {
			isa = PBXFrameworksBuildPhase;
			buildActionMask = 2147483647;
			files = (
			);
			runOnlyForDeploymentPostprocessing = 0;
		};
		D1D49DB11B136A5C008A3A3C /* Frameworks */ = {
			isa = PBXFrameworksBuildPhase;
			buildActionMask = 2147483647;
			files = (
			);
			runOnlyForDeploymentPostprocessing = 0;
		};
/* End PBXFrameworksBuildPhase section */

/* Begin PBXGroup section */
		D1D49D961B136A5C008A3A3C = {
			isa = PBXGroup;
			children = (
				D1D49DA11B136A5C008A3A3C /* Tinder */,
				D1D49DB71B136A5C008A3A3C /* TinderTests */,
				D1D49DA01B136A5C008A3A3C /* Products */,
			);
			sourceTree = "<group>";
		};
		D1D49DA01B136A5C008A3A3C /* Products */ = {
			isa = PBXGroup;
			children = (
				D1D49D9F1B136A5C008A3A3C /* Tinder.app */,
				D1D49DB41B136A5C008A3A3C /* TinderTests.xctest */,
			);
			name = Products;
			sourceTree = "<group>";
		};
		D1D49DA11B136A5C008A3A3C /* Tinder */ = {
			isa = PBXGroup;
			children = (
				D1D49DA41B136A5C008A3A3C /* AppDelegate.swift */,
				D1D49DA61B136A5C008A3A3C /* ViewController.swift */,
				D1D49DA81B136A5C008A3A3C /* Main.storyboard */,
				D1D49DAB1B136A5C008A3A3C /* Images.xcassets */,
				D1D49DAD1B136A5C008A3A3C /* LaunchScreen.xib */,
				D1D49DA21B136A5C008A3A3C /* Supporting Files */,
			);
			path = Tinder;
			sourceTree = "<group>";
		};
		D1D49DA21B136A5C008A3A3C /* Supporting Files */ = {
			isa = PBXGroup;
			children = (
				D1D49DA31B136A5C008A3A3C /* Info.plist */,
			);
			name = "Supporting Files";
			sourceTree = "<group>";
		};
		D1D49DB71B136A5C008A3A3C /* TinderTests */ = {
			isa = PBXGroup;
			children = (
				D1D49DBA1B136A5C008A3A3C /* TinderTests.swift */,
				D1D49DB81B136A5C008A3A3C /* Supporting Files */,
			);
			path = TinderTests;
			sourceTree = "<group>";
		};
		D1D49DB81B136A5C008A3A3C /* Supporting Files */ = {
			isa = PBXGroup;
			children = (
				D1D49DB91B136A5C008A3A3C /* Info.plist */,
			);
			name = "Supporting Files";
			sourceTree = "<group>";
		};
/* End PBXGroup section */

/* Begin PBXNativeTarget section */
		D1D49D9E1B136A5C008A3A3C /* Tinder */ = {
			isa = PBXNativeTarget;
			buildConfigurationList = D1D49DBE1B136A5C008A3A3C /* Build configuration list for PBXNativeTarget "Tinder" */;
			buildPhases = (
				D1D49D9B1B136A5C008A3A3C /* Sources */,
				D1D49D9C1B136A5C008A3A3C /* Frameworks */,
				D1D49D9D1B136A5C008A3A3C /* Resources */,
			);
			buildRules = (
			);
			dependencies = (
			);
			name = Tinder;
			productName = Tinder;
			productReference = D1D49D9F1B136A5C008A3A3C /* Tinder.app */;
			productType = "com.apple.product-type.application";
		};
		D1D49DB31B136A5C008A3A3C /* TinderTests */ = {
			isa = PBXNativeTarget;
			buildConfigurationList = D1D49DC11B136A5C008A3A3C /* Build configuration list for PBXNativeTarget "TinderTests" */;
			buildPhases = (
				D1D49DB01B136A5C008A3A3C /* Sources */,
				D1D49DB11B136A5C008A3A3C /* Frameworks */,
				D1D49DB21B136A5C008A3A3C /* Resources */,
			);
			buildRules = (
			);
			dependencies = (
				D1D49DB61B136A5C008A3A3C /* PBXTargetDependency */,
			);
			name = TinderTests;
			productName = TinderTests;
			productReference = D1D49DB41B136A5C008A3A3C /* TinderTests.xctest */;
			productType = "com.apple.product-type.bundle.unit-test";
		};
/* End PBXNativeTarget section */

/* Begin PBXProject section */
		D1D49D971B136A5C008A3A3C /* Project object */ = {
			isa = PBXProject;
			attributes = {
				LastUpgradeCheck = 0630;
				ORGANIZATIONNAME = ThoDang;
				TargetAttributes = {
					D1D49D9E1B136A5C008A3A3C = {
						CreatedOnToolsVersion = 6.3.1;
					};
					D1D49DB31B136A5C008A3A3C = {
						CreatedOnToolsVersion = 6.3.1;
						TestTargetID = D1D49D9E1B136A5C008A3A3C;
					};
				};
			};
			buildConfigurationList = D1D49D9A1B136A5C008A3A3C /* Build configuration list for PBXProject "Tinder" */;
			compatibilityVersion = "Xcode 3.2";
			developmentRegion = English;
			hasScannedForEncodings = 0;
			knownRegions = (
				en,
				Base,
			);
			mainGroup = D1D49D961B136A5C008A3A3C;
			productRefGroup = D1D49DA01B136A5C008A3A3C /* Products */;
			projectDirPath = "";
			projectRoot = "";
			targets = (
				D1D49D9E1B136A5C008A3A3C /* Tinder */,
				D1D49DB31B136A5C008A3A3C /* TinderTests */,
			);
		};
/* End PBXProject section */

/* Begin PBXResourcesBuildPhase section */
		D1D49D9D1B136A5C008A3A3C /* Resources */ = {
			isa = PBXResourcesBuildPhase;
			buildActionMask = 2147483647;
			files = (
				D1D49DAA1B136A5C008A3A3C /* Main.storyboard in Resources */,
				D1D49DAF1B136A5C008A3A3C /* LaunchScreen.xib in Resources */,
				D1D49DAC1B136A5C008A3A3C /* Images.xcassets in Resources */,
			);
			runOnlyForDeploymentPostprocessing = 0;
		};
		D1D49DB21B136A5C008A3A3C /* Resources */ = {
			isa = PBXResourcesBuildPhase;
			buildActionMask = 2147483647;
			files = (
			);
			runOnlyForDeploymentPostprocessing = 0;
		};
/* End PBXResourcesBuildPhase section */

/* Begin PBXSourcesBuildPhase section */
		D1D49D9B1B136A5C008A3A3C /* Sources */ = {
			isa = PBXSourcesBuildPhase;
			buildActionMask = 2147483647;
			files = (
				D1D49DA71B136A5C008A3A3C /* ViewController.swift in Sources */,
				D1D49DA51B136A5C008A3A3C /* AppDelegate.swift in Sources */,
			);
			runOnlyForDeploymentPostprocessing = 0;
		};
		D1D49DB01B136A5C008A3A3C /* Sources */ = {
			isa = PBXSourcesBuildPhase;
			buildActionMask = 2147483647;
			files = (
				D1D49DBB1B136A5C008A3A3C /* TinderTests.swift in Sources */,
			);
			runOnlyForDeploymentPostprocessing = 0;
		};
/* End PBXSourcesBuildPhase section */

/* Begin PBXTargetDependency section */
		D1D49DB61B136A5C008A3A3C /* PBXTargetDependency */ = {
			isa = PBXTargetDependency;
			target = D1D49D9E1B136A5C008A3A3C /* Tinder */;
			targetProxy = D1D49DB51B136A5C008A3A3C /* PBXContainerItemProxy */;
		};
/* End PBXTargetDependency section */

/* Begin PBXVariantGroup section */
		D1D49DA81B136A5C008A3A3C /* Main.storyboard */ = {
			isa = PBXVariantGroup;
			children = (
				D1D49DA91B136A5C008A3A3C /* Base */,
			);
			name = Main.storyboard;
			sourceTree = "<group>";
		};
		D1D49DAD1B136A5C008A3A3C /* LaunchScreen.xib */ = {
			isa = PBXVariantGroup;
			children = (
				D1D49DAE1B136A5C008A3A3C /* Base */,
			);
			name = LaunchScreen.xib;
			sourceTree = "<group>";
		};
/* End PBXVariantGroup section */

/* Begin XCBuildConfiguration section */
		D1D49DBC1B136A5C008A3A3C /* Debug */ = {
			isa = XCBuildConfiguration;
			buildSettings = {
				ALWAYS_SEARCH_USER_PATHS = NO;
				CLANG_CXX_LANGUAGE_STANDARD = "gnu++0x";
				CLANG_CXX_LIBRARY = "libc++";
				CLANG_ENABLE_MODULES = YES;
				CLANG_ENABLE_OBJC_ARC = YES;
				CLANG_WARN_BOOL_CONVERSION = YES;
				CLANG_WARN_CONSTANT_CONVERSION = YES;
				CLANG_WARN_DIRECT_OBJC_ISA_USAGE = YES_ERROR;
				CLANG_WARN_EMPTY_BODY = YES;
				CLANG_WARN_ENUM_CONVERSION = YES;
				CLANG_WARN_INT_CONVERSION = YES;
				CLANG_WARN_OBJC_ROOT_CLASS = YES_ERROR;
				CLANG_WARN_UNREACHABLE_CODE = YES;
				CLANG_WARN__DUPLICATE_METHOD_MATCH = YES;
				"CODE_SIGN_IDENTITY[sdk=iphoneos*]" = "iPhone Developer";
				COPY_PHASE_STRIP = NO;
				DEBUG_INFORMATION_FORMAT = "dwarf-with-dsym";
				ENABLE_STRICT_OBJC_MSGSEND = YES;
				GCC_C_LANGUAGE_STANDARD = gnu99;
				GCC_DYNAMIC_NO_PIC = NO;
				GCC_NO_COMMON_BLOCKS = YES;
				GCC_OPTIMIZATION_LEVEL = 0;
				GCC_PREPROCESSOR_DEFINITIONS = (
					"DEBUG=1",
					"$(inherited)",
				);
				GCC_SYMBOLS_PRIVATE_EXTERN = NO;
				GCC_WARN_64_TO_32_BIT_CONVERSION = YES;
				GCC_WARN_ABOUT_RETURN_TYPE = YES_ERROR;
				GCC_WARN_UNDECLARED_SELECTOR = YES;
				GCC_WARN_UNINITIALIZED_AUTOS = YES_AGGRESSIVE;
				GCC_WARN_UNUSED_FUNCTION = YES;
				GCC_WARN_UNUSED_VARIABLE = YES;
				IPHONEOS_DEPLOYMENT_TARGET = 8.3;
				MTL_ENABLE_DEBUG_INFO = YES;
				ONLY_ACTIVE_ARCH = YES;
				SDKROOT = iphoneos;
				SWIFT_OPTIMIZATION_LEVEL = "-Onone";
			};
			name = Debug;
		};
		D1D49DBD1B136A5C008A3A3C /* Release */ = {
			isa = XCBuildConfiguration;
			buildSettings = {
				ALWAYS_SEARCH_USER_PATHS = NO;
				CLANG_CXX_LANGUAGE_STANDARD = "gnu++0x";
				CLANG_CXX_LIBRARY = "libc++";
				CLANG_ENABLE_MODULES = YES;
				CLANG_ENABLE_OBJC_ARC = YES;
				CLANG_WARN_BOOL_CONVERSION = YES;
				CLANG_WARN_CONSTANT_CONVERSION = YES;
				CLANG_WARN_DIRECT_OBJC_ISA_USAGE = YES_ERROR;
				CLANG_WARN_EMPTY_BODY = YES;
				CLANG_WARN_ENUM_CONVERSION = YES;
				CLANG_WARN_INT_CONVERSION = YES;
				CLANG_WARN_OBJC_ROOT_CLASS = YES_ERROR;
				CLANG_WARN_UNREACHABLE_CODE = YES;
				CLANG_WARN__DUPLICATE_METHOD_MATCH = YES;
				"CODE_SIGN_IDENTITY[sdk=iphoneos*]" = "iPhone Developer";
				COPY_PHASE_STRIP = NO;
				DEBUG_INFORMATION_FORMAT = "dwarf-with-dsym";
				ENABLE_NS_ASSERTIONS = NO;
				ENABLE_STRICT_OBJC_MSGSEND = YES;
				GCC_C_LANGUAGE_STANDARD = gnu99;
				GCC_NO_COMMON_BLOCKS = YES;
				GCC_WARN_64_TO_32_BIT_CONVERSION = YES;
				GCC_WARN_ABOUT_RETURN_TYPE = YES_ERROR;
				GCC_WARN_UNDECLARED_SELECTOR = YES;
				GCC_WARN_UNINITIALIZED_AUTOS = YES_AGGRESSIVE;
				GCC_WARN_UNUSED_FUNCTION = YES;
				GCC_WARN_UNUSED_VARIABLE = YES;
				IPHONEOS_DEPLOYMENT_TARGET = 8.3;
				MTL_ENABLE_DEBUG_INFO = NO;
				SDKROOT = iphoneos;
				VALIDATE_PRODUCT = YES;
			};
			name = Release;
		};
		D1D49DBF1B136A5C008A3A3C /* Debug */ = {
			isa = XCBuildConfiguration;
			buildSettings = {
				ASSETCATALOG_COMPILER_APPICON_NAME = AppIcon;
				INFOPLIST_FILE = Tinder/Info.plist;
				LD_RUNPATH_SEARCH_PATHS = "$(inherited) @executable_path/Frameworks";
				PRODUCT_NAME = "$(TARGET_NAME)";
			};
			name = Debug;
		};
		D1D49DC01B136A5C008A3A3C /* Release */ = {
			isa = XCBuildConfiguration;
			buildSettings = {
				ASSETCATALOG_COMPILER_APPICON_NAME = AppIcon;
				INFOPLIST_FILE = Tinder/Info.plist;
				LD_RUNPATH_SEARCH_PATHS = "$(inherited) @executable_path/Frameworks";
				PRODUCT_NAME = "$(TARGET_NAME)";
			};
			name = Release;
		};
		D1D49DC21B136A5C008A3A3C /* Debug */ = {
			isa = XCBuildConfiguration;
			buildSettings = {
				BUNDLE_LOADER = "$(TEST_HOST)";
				FRAMEWORK_SEARCH_PATHS = (
					"$(SDKROOT)/Developer/Library/Frameworks",
					"$(inherited)",
				);
				GCC_PREPROCESSOR_DEFINITIONS = (
					"DEBUG=1",
					"$(inherited)",
				);
				INFOPLIST_FILE = TinderTests/Info.plist;
				LD_RUNPATH_SEARCH_PATHS = "$(inherited) @executable_path/Frameworks @loader_path/Frameworks";
				PRODUCT_NAME = "$(TARGET_NAME)";
				TEST_HOST = "$(BUILT_PRODUCTS_DIR)/Tinder.app/Tinder";
			};
			name = Debug;
		};
		D1D49DC31B136A5C008A3A3C /* Release */ = {
			isa = XCBuildConfiguration;
			buildSettings = {
				BUNDLE_LOADER = "$(TEST_HOST)";
				FRAMEWORK_SEARCH_PATHS = (
					"$(SDKROOT)/Developer/Library/Frameworks",
					"$(inherited)",
				);
				INFOPLIST_FILE = TinderTests/Info.plist;
				LD_RUNPATH_SEARCH_PATHS = "$(inherited) @executable_path/Frameworks @loader_path/Frameworks";
				PRODUCT_NAME = "$(TARGET_NAME)";
				TEST_HOST = "$(BUILT_PRODUCTS_DIR)/Tinder.app/Tinder";
			};
			name = Release;
		};
/* End XCBuildConfiguration section */

/* Begin XCConfigurationList section */
		D1D49D9A1B136A5C008A3A3C /* Build configuration list for PBXProject "Tinder" */ = {
			isa = XCConfigurationList;
			buildConfigurations = (
				D1D49DBC1B136A5C008A3A3C /* Debug */,
				D1D49DBD1B136A5C008A3A3C /* Release */,
			);
			defaultConfigurationIsVisible = 0;
			defaultConfigurationName = Release;
		};
		D1D49DBE1B136A5C008A3A3C /* Build configuration list for PBXNativeTarget "Tinder" */ = {
			isa = XCConfigurationList;
			buildConfigurations = (
				D1D49DBF1B136A5C008A3A3C /* Debug */,
				D1D49DC01B136A5C008A3A3C /* Release */,
			);
			defaultConfigurationIsVisible = 0;
		};
		D1D49DC11B136A5C008A3A3C /* Build configuration list for PBXNativeTarget "TinderTests" */ = {
			isa = XCConfigurationList;
			buildConfigurations = (
				D1D49DC21B136A5C008A3A3C /* Debug */,
				D1D49DC31B136A5C008A3A3C /* Release */,
			);
			defaultConfigurationIsVisible = 0;
		};
/* End XCConfigurationList section */
	};
	rootObject = D1D49D971B136A5C008A3A3C /* Project object */;
}
